
Microsoft Visual Studio Solution File, Format Version 12.00
# Visual Studio Version 17
VisualStudioVersion = 17.5.002.0
MinimumVisualStudioVersion = 10.0.40219.1
Project("{9A19103F-16F7-4668-BE54-9A1E7A4F7556}") = "CourseManagement", "CourseManagement.csproj", "{5CE1F384-E16A-4A6A-8820-0D59690899DB}"
EndProject
Global
	GlobalSection(SolutionConfigurationPlatforms) = preSolution
		Debug|Any CPU = Debug|Any CPU
		Release|Any CPU = Release|Any CPU
	EndGlobalSection
	GlobalSection(ProjectConfigurationPlatforms) = postSolution
		{5CE1F384-E16A-4A6A-8820-0D59690899DB}.Debug|Any CPU.ActiveCfg = Debug|Any CPU
		{5CE1F384-E16A-4A6A-8820-0D59690899DB}.Debug|Any CPU.Build.0 = Debug|Any CPU
		{5CE1F384-E16A-4A6A-8820-0D59690899DB}.Release|Any CPU.ActiveCfg = Release|Any CPU
		{5CE1F384-E16A-4A6A-8820-0D59690899DB}.Release|Any CPU.Build.0 = Release|Any CPU
	EndGlobalSection
	GlobalSection(SolutionProperties) = preSolution
		HideSolutionNode = FALSE
	EndGlobalSection
	GlobalSection(ExtensibilityGlobals) = postSolution
		SolutionGuid = {0609EB5A-7767-47FD-A7EA-4DDF4A05812D}
	EndGlobalSection
EndGlobal
